
Microsoft Visual Studio Solution File, Format Version 12.00
# Visual Studio Version 17
VisualStudioVersion = 17.9.34723.18
MinimumVisualStudioVersion = 10.0.40219.1
Project("{9A19103F-16F7-4668-BE54-9A1E7A4F7556}") = "THDotNetCore.ConsoleApp", "THDotNetCore.ConsoleApp\THDotNetCore.ConsoleApp.csproj", "{70E9C982-0791-4FD2-86D9-26A87C31A5E8}"
EndProject
Project("{2150E333-8FDC-42A3-9474-1A3956D46DE8}") = "DOCUMENT", "DOCUMENT", "{833D6512-ACD8-459A-BD47-0B4C4B360C3D}"
	ProjectSection(SolutionItems) = preProject
		README.md = README.md
	EndProjectSection
EndProject
Project("{9A19103F-16F7-4668-BE54-9A1E7A4F7556}") = "THDotNetCore.RestApi", "THDotNetCore.RestApi\THDotNetCore.RestApi.csproj", "{8EF9BF74-C31A-45A1-A8A8-DA8091471309}"
EndProject
Project("{9A19103F-16F7-4668-BE54-9A1E7A4F7556}") = "THDotNetCore.Shared", "THDotNetCore.Shared\THDotNetCore.Shared.csproj", "{17B3528E-3E0A-4091-AFDF-E534D3B714EB}"
EndProject
Project("{FAE04EC0-301F-11D3-BF4B-00C04F79EFBC}") = "THDotNetCore.RestApiWithNLayer", "THDotNetCore.RestApiWithNLayer\THDotNetCore.RestApiWithNLayer.csproj", "{99A15618-1B42-4D6C-B12E-6D72FFF9736E}"
EndProject
Global
	GlobalSection(SolutionConfigurationPlatforms) = preSolution
		Debug|Any CPU = Debug|Any CPU
		Release|Any CPU = Release|Any CPU
	EndGlobalSection
	GlobalSection(ProjectConfigurationPlatforms) = postSolution
		{70E9C982-0791-4FD2-86D9-26A87C31A5E8}.Debug|Any CPU.ActiveCfg = Debug|Any CPU
		{70E9C982-0791-4FD2-86D9-26A87C31A5E8}.Debug|Any CPU.Build.0 = Debug|Any CPU
		{70E9C982-0791-4FD2-86D9-26A87C31A5E8}.Release|Any CPU.ActiveCfg = Release|Any CPU
		{70E9C982-0791-4FD2-86D9-26A87C31A5E8}.Release|Any CPU.Build.0 = Release|Any CPU
		{8EF9BF74-C31A-45A1-A8A8-DA8091471309}.Debug|Any CPU.ActiveCfg = Debug|Any CPU
		{8EF9BF74-C31A-45A1-A8A8-DA8091471309}.Debug|Any CPU.Build.0 = Debug|Any CPU
		{8EF9BF74-C31A-45A1-A8A8-DA8091471309}.Release|Any CPU.ActiveCfg = Release|Any CPU
		{8EF9BF74-C31A-45A1-A8A8-DA8091471309}.Release|Any CPU.Build.0 = Release|Any CPU
		{17B3528E-3E0A-4091-AFDF-E534D3B714EB}.Debug|Any CPU.ActiveCfg = Debug|Any CPU
		{17B3528E-3E0A-4091-AFDF-E534D3B714EB}.Debug|Any CPU.Build.0 = Debug|Any CPU
		{17B3528E-3E0A-4091-AFDF-E534D3B714EB}.Release|Any CPU.ActiveCfg = Release|Any CPU
		{17B3528E-3E0A-4091-AFDF-E534D3B714EB}.Release|Any CPU.Build.0 = Release|Any CPU
		{99A15618-1B42-4D6C-B12E-6D72FFF9736E}.Debug|Any CPU.ActiveCfg = Debug|Any CPU
		{99A15618-1B42-4D6C-B12E-6D72FFF9736E}.Debug|Any CPU.Build.0 = Debug|Any CPU
		{99A15618-1B42-4D6C-B12E-6D72FFF9736E}.Release|Any CPU.ActiveCfg = Release|Any CPU
		{99A15618-1B42-4D6C-B12E-6D72FFF9736E}.Release|Any CPU.Build.0 = Release|Any CPU
	EndGlobalSection
	GlobalSection(SolutionProperties) = preSolution
		HideSolutionNode = FALSE
	EndGlobalSection
	GlobalSection(ExtensibilityGlobals) = postSolution
		SolutionGuid = {12358796-0199-47E8-82AF-7AD80CE01DEF}
	EndGlobalSection
EndGlobal
