
Microsoft Visual Studio Solution File, Format Version 12.00
# Visual Studio Version 17
VisualStudioVersion = 17.9.34723.18
MinimumVisualStudioVersion = 10.0.40219.1
Project("{FAE04EC0-301F-11D3-BF4B-00C04F79EFBC}") = "THDotNetCore.ConsoleApp", "THDotNetCore.ConsoleApp\THDotNetCore.ConsoleApp.csproj", "{70E9C982-0791-4FD2-86D9-26A87C31A5E8}"
EndProject
Global
	GlobalSection(SolutionConfigurationPlatforms) = preSolution
		Debug|Any CPU = Debug|Any CPU
		Release|Any CPU = Release|Any CPU
	EndGlobalSection
	GlobalSection(ProjectConfigurationPlatforms) = postSolution
		{70E9C982-0791-4FD2-86D9-26A87C31A5E8}.Debug|Any CPU.ActiveCfg = Debug|Any CPU
		{70E9C982-0791-4FD2-86D9-26A87C31A5E8}.Debug|Any CPU.Build.0 = Debug|Any CPU
		{70E9C982-0791-4FD2-86D9-26A87C31A5E8}.Release|Any CPU.ActiveCfg = Release|Any CPU
		{70E9C982-0791-4FD2-86D9-26A87C31A5E8}.Release|Any CPU.Build.0 = Release|Any CPU
	EndGlobalSection
	GlobalSection(SolutionProperties) = preSolution
		HideSolutionNode = FALSE
	EndGlobalSection
	GlobalSection(ExtensibilityGlobals) = postSolution
		SolutionGuid = {12358796-0199-47E8-82AF-7AD80CE01DEF}
	EndGlobalSection
EndGlobal
